
Microsoft Visual Studio Solution File, Format Version 12.00
# Visual Studio Version 17
VisualStudioVersion = 17.10.35004.147
MinimumVisualStudioVersion = 10.0.40219.1
Project("{FAE04EC0-301F-11D3-BF4B-00C04F79EFBC}") = "CSharp_GTbac1", "CSharp_GTbac1\CSharp_GTbac1.csproj", "{0079F8D3-8CC1-425E-94B8-11398183DFBA}"
EndProject
Global
	GlobalSection(SolutionConfigurationPlatforms) = preSolution
		Debug|Any CPU = Debug|Any CPU
		Release|Any CPU = Release|Any CPU
	EndGlobalSection
	GlobalSection(ProjectConfigurationPlatforms) = postSolution
		{0079F8D3-8CC1-425E-94B8-11398183DFBA}.Debug|Any CPU.ActiveCfg = Debug|Any CPU
		{0079F8D3-8CC1-425E-94B8-11398183DFBA}.Debug|Any CPU.Build.0 = Debug|Any CPU
		{0079F8D3-8CC1-425E-94B8-11398183DFBA}.Release|Any CPU.ActiveCfg = Release|Any CPU
		{0079F8D3-8CC1-425E-94B8-11398183DFBA}.Release|Any CPU.Build.0 = Release|Any CPU
	EndGlobalSection
	GlobalSection(SolutionProperties) = preSolution
		HideSolutionNode = FALSE
	EndGlobalSection
	GlobalSection(ExtensibilityGlobals) = postSolution
		SolutionGuid = {52603CDD-30B2-477E-A3F0-DA417D61F38B}
	EndGlobalSection
EndGlobal
